
Microsoft Visual Studio Solution File, Format Version 12.00
Project("{2150E333-8FDC-42A3-9474-1A3956D46DE8}") = "Systems", "Systems", "{F66C3818-21C6-4DB8-8E62-5D41C8FDBA26}"
EndProject
Project("{2150E333-8FDC-42A3-9474-1A3956D46DE8}") = "Data", "Data", "{6EF8E827-34CA-4A49-80B8-9100D1EE953B}"
EndProject
Project("{2150E333-8FDC-42A3-9474-1A3956D46DE8}") = "Common", "Common", "{303B6FB0-273B-4E64-B57E-445A324AEC5D}"
EndProject
Project("{2150E333-8FDC-42A3-9474-1A3956D46DE8}") = "Services", "Services", "{2526713C-3B45-4E70-AF08-188375350FC3}"
EndProject
Project("{FAE04EC0-301F-11D3-BF4B-00C04F79EFBC}") = "Twitter.Api", "Systems\Twitter.Api\Twitter.Api.csproj", "{BEEE65D7-A4EE-472E-9F44-FDEB2CC4A527}"
EndProject
Project("{FAE04EC0-301F-11D3-BF4B-00C04F79EFBC}") = "Twitter.DuendeServer", "Systems\Twitter.DuendeServer\Twitter.DuendeServer.csproj", "{46E682AD-277A-4729-B562-105A5F0902D8}"
EndProject
Project("{FAE04EC0-301F-11D3-BF4B-00C04F79EFBC}") = "Twitter.Entities", "Data\Twitter.Entities\Twitter.Entities.csproj", "{D7C1101F-CE37-4473-BEEC-5A204211B52D}"
EndProject
Project("{FAE04EC0-301F-11D3-BF4B-00C04F79EFBC}") = "Twitter.Context", "Data\Twitter.Context\Twitter.Context.csproj", "{ABBADE8C-7DED-449C-8F24-820D0B0B008D}"
EndProject
Project("{FAE04EC0-301F-11D3-BF4B-00C04F79EFBC}") = "Twitter.Shared", "Common\Twitter.Shared\Twitter.Shared.csproj", "{2C272986-5F49-4DEE-9C53-7003CD4F1DEE}"
EndProject
Project("{FAE04EC0-301F-11D3-BF4B-00C04F79EFBC}") = "Twitter.AccountService", "Services\Twitter.AccountService\Twitter.AccountService.csproj", "{AC847D7F-5E24-48BD-B386-2593A685C049}"
EndProject
Project("{FAE04EC0-301F-11D3-BF4B-00C04F79EFBC}") = "Twitter.FileService", "Services\Twitter.FileService\Twitter.FileService.csproj", "{1172859D-C611-4058-8930-2E48663BBF41}"
EndProject
Project("{FAE04EC0-301F-11D3-BF4B-00C04F79EFBC}") = "Twitter.RoleService", "Services\Twitter.RoleService\Twitter.RoleService.csproj", "{057429D2-848C-4B8D-BB1A-8BBB5CB14461}"
EndProject
Project("{FAE04EC0-301F-11D3-BF4B-00C04F79EFBC}") = "Twitter.TweetsService", "Services\Twitter.TweetsService\Twitter.TweetsService.csproj", "{14FB8704-2C0C-4F0D-8879-68939CEAE28A}"
EndProject
Project("{FAE04EC0-301F-11D3-BF4B-00C04F79EFBC}") = "Twitter.CommentsService", "Services\Twitter.CommentsService\Twitter.CommentsService.csproj", "{8E0312AB-7791-4DA3-8C5B-0DE6A9E7A2A9}"
EndProject
Project("{FAE04EC0-301F-11D3-BF4B-00C04F79EFBC}") = "Twitter.ReportServices", "Services\Twitter.ReportServices\Twitter.ReportServices.csproj", "{007614C8-ADC9-4FA9-B6CB-D7C871D5B0E7}"
EndProject
Project("{FAE04EC0-301F-11D3-BF4B-00C04F79EFBC}") = "Twitter.MessageService", "Services\Twitter.MessageService\Twitter.MessageService.csproj", "{57BEB75B-501F-47F9-B12E-EDD2F7E1E5D4}"
EndProject
Project("{FAE04EC0-301F-11D3-BF4B-00C04F79EFBC}") = "Twitter.Repository", "Data\Twitter.Repository\Twitter.Repository.csproj", "{27C21F8B-0E0A-4A1B-99EF-8A8DD118BF72}"
EndProject
Project("{FAE04EC0-301F-11D3-BF4B-00C04F79EFBC}") = "Twitter.Settings", "Common\Twitter.Settings\Twitter.Settings.csproj", "{CDBD0676-BC9C-4925-A7FC-1994A0CFD52A}"
EndProject
Global
	GlobalSection(SolutionConfigurationPlatforms) = preSolution
		Debug|Any CPU = Debug|Any CPU
		Release|Any CPU = Release|Any CPU
	EndGlobalSection
	GlobalSection(NestedProjects) = preSolution
		{BEEE65D7-A4EE-472E-9F44-FDEB2CC4A527} = {F66C3818-21C6-4DB8-8E62-5D41C8FDBA26}
		{46E682AD-277A-4729-B562-105A5F0902D8} = {F66C3818-21C6-4DB8-8E62-5D41C8FDBA26}
		{D7C1101F-CE37-4473-BEEC-5A204211B52D} = {6EF8E827-34CA-4A49-80B8-9100D1EE953B}
		{ABBADE8C-7DED-449C-8F24-820D0B0B008D} = {6EF8E827-34CA-4A49-80B8-9100D1EE953B}
		{2C272986-5F49-4DEE-9C53-7003CD4F1DEE} = {303B6FB0-273B-4E64-B57E-445A324AEC5D}
		{AC847D7F-5E24-48BD-B386-2593A685C049} = {2526713C-3B45-4E70-AF08-188375350FC3}
		{1172859D-C611-4058-8930-2E48663BBF41} = {2526713C-3B45-4E70-AF08-188375350FC3}
		{057429D2-848C-4B8D-BB1A-8BBB5CB14461} = {2526713C-3B45-4E70-AF08-188375350FC3}
		{14FB8704-2C0C-4F0D-8879-68939CEAE28A} = {2526713C-3B45-4E70-AF08-188375350FC3}
		{8E0312AB-7791-4DA3-8C5B-0DE6A9E7A2A9} = {2526713C-3B45-4E70-AF08-188375350FC3}
		{007614C8-ADC9-4FA9-B6CB-D7C871D5B0E7} = {2526713C-3B45-4E70-AF08-188375350FC3}
		{57BEB75B-501F-47F9-B12E-EDD2F7E1E5D4} = {2526713C-3B45-4E70-AF08-188375350FC3}
		{27C21F8B-0E0A-4A1B-99EF-8A8DD118BF72} = {6EF8E827-34CA-4A49-80B8-9100D1EE953B}
		{CDBD0676-BC9C-4925-A7FC-1994A0CFD52A} = {303B6FB0-273B-4E64-B57E-445A324AEC5D}
	EndGlobalSection
	GlobalSection(ProjectConfigurationPlatforms) = postSolution
		{BEEE65D7-A4EE-472E-9F44-FDEB2CC4A527}.Debug|Any CPU.ActiveCfg = Debug|Any CPU
		{BEEE65D7-A4EE-472E-9F44-FDEB2CC4A527}.Debug|Any CPU.Build.0 = Debug|Any CPU
		{BEEE65D7-A4EE-472E-9F44-FDEB2CC4A527}.Release|Any CPU.ActiveCfg = Release|Any CPU
		{BEEE65D7-A4EE-472E-9F44-FDEB2CC4A527}.Release|Any CPU.Build.0 = Release|Any CPU
		{46E682AD-277A-4729-B562-105A5F0902D8}.Debug|Any CPU.ActiveCfg = Debug|Any CPU
		{46E682AD-277A-4729-B562-105A5F0902D8}.Debug|Any CPU.Build.0 = Debug|Any CPU
		{46E682AD-277A-4729-B562-105A5F0902D8}.Release|Any CPU.ActiveCfg = Release|Any CPU
		{46E682AD-277A-4729-B562-105A5F0902D8}.Release|Any CPU.Build.0 = Release|Any CPU
		{D7C1101F-CE37-4473-BEEC-5A204211B52D}.Debug|Any CPU.ActiveCfg = Debug|Any CPU
		{D7C1101F-CE37-4473-BEEC-5A204211B52D}.Debug|Any CPU.Build.0 = Debug|Any CPU
		{D7C1101F-CE37-4473-BEEC-5A204211B52D}.Release|Any CPU.ActiveCfg = Release|Any CPU
		{D7C1101F-CE37-4473-BEEC-5A204211B52D}.Release|Any CPU.Build.0 = Release|Any CPU
		{ABBADE8C-7DED-449C-8F24-820D0B0B008D}.Debug|Any CPU.ActiveCfg = Debug|Any CPU
		{ABBADE8C-7DED-449C-8F24-820D0B0B008D}.Debug|Any CPU.Build.0 = Debug|Any CPU
		{ABBADE8C-7DED-449C-8F24-820D0B0B008D}.Release|Any CPU.ActiveCfg = Release|Any CPU
		{ABBADE8C-7DED-449C-8F24-820D0B0B008D}.Release|Any CPU.Build.0 = Release|Any CPU
		{2C272986-5F49-4DEE-9C53-7003CD4F1DEE}.Debug|Any CPU.ActiveCfg = Debug|Any CPU
		{2C272986-5F49-4DEE-9C53-7003CD4F1DEE}.Debug|Any CPU.Build.0 = Debug|Any CPU
		{2C272986-5F49-4DEE-9C53-7003CD4F1DEE}.Release|Any CPU.ActiveCfg = Release|Any CPU
		{2C272986-5F49-4DEE-9C53-7003CD4F1DEE}.Release|Any CPU.Build.0 = Release|Any CPU
		{AC847D7F-5E24-48BD-B386-2593A685C049}.Debug|Any CPU.ActiveCfg = Debug|Any CPU
		{AC847D7F-5E24-48BD-B386-2593A685C049}.Debug|Any CPU.Build.0 = Debug|Any CPU
		{AC847D7F-5E24-48BD-B386-2593A685C049}.Release|Any CPU.ActiveCfg = Release|Any CPU
		{AC847D7F-5E24-48BD-B386-2593A685C049}.Release|Any CPU.Build.0 = Release|Any CPU
		{1172859D-C611-4058-8930-2E48663BBF41}.Debug|Any CPU.ActiveCfg = Debug|Any CPU
		{1172859D-C611-4058-8930-2E48663BBF41}.Debug|Any CPU.Build.0 = Debug|Any CPU
		{1172859D-C611-4058-8930-2E48663BBF41}.Release|Any CPU.ActiveCfg = Release|Any CPU
		{1172859D-C611-4058-8930-2E48663BBF41}.Release|Any CPU.Build.0 = Release|Any CPU
		{057429D2-848C-4B8D-BB1A-8BBB5CB14461}.Debug|Any CPU.ActiveCfg = Debug|Any CPU
		{057429D2-848C-4B8D-BB1A-8BBB5CB14461}.Debug|Any CPU.Build.0 = Debug|Any CPU
		{057429D2-848C-4B8D-BB1A-8BBB5CB14461}.Release|Any CPU.ActiveCfg = Release|Any CPU
		{057429D2-848C-4B8D-BB1A-8BBB5CB14461}.Release|Any CPU.Build.0 = Release|Any CPU
		{14FB8704-2C0C-4F0D-8879-68939CEAE28A}.Debug|Any CPU.ActiveCfg = Debug|Any CPU
		{14FB8704-2C0C-4F0D-8879-68939CEAE28A}.Debug|Any CPU.Build.0 = Debug|Any CPU
		{14FB8704-2C0C-4F0D-8879-68939CEAE28A}.Release|Any CPU.ActiveCfg = Release|Any CPU
		{14FB8704-2C0C-4F0D-8879-68939CEAE28A}.Release|Any CPU.Build.0 = Release|Any CPU
		{8E0312AB-7791-4DA3-8C5B-0DE6A9E7A2A9}.Debug|Any CPU.ActiveCfg = Debug|Any CPU
		{8E0312AB-7791-4DA3-8C5B-0DE6A9E7A2A9}.Debug|Any CPU.Build.0 = Debug|Any CPU
		{8E0312AB-7791-4DA3-8C5B-0DE6A9E7A2A9}.Release|Any CPU.ActiveCfg = Release|Any CPU
		{8E0312AB-7791-4DA3-8C5B-0DE6A9E7A2A9}.Release|Any CPU.Build.0 = Release|Any CPU
		{007614C8-ADC9-4FA9-B6CB-D7C871D5B0E7}.Debug|Any CPU.ActiveCfg = Debug|Any CPU
		{007614C8-ADC9-4FA9-B6CB-D7C871D5B0E7}.Debug|Any CPU.Build.0 = Debug|Any CPU
		{007614C8-ADC9-4FA9-B6CB-D7C871D5B0E7}.Release|Any CPU.ActiveCfg = Release|Any CPU
		{007614C8-ADC9-4FA9-B6CB-D7C871D5B0E7}.Release|Any CPU.Build.0 = Release|Any CPU
		{57BEB75B-501F-47F9-B12E-EDD2F7E1E5D4}.Debug|Any CPU.ActiveCfg = Debug|Any CPU
		{57BEB75B-501F-47F9-B12E-EDD2F7E1E5D4}.Debug|Any CPU.Build.0 = Debug|Any CPU
		{57BEB75B-501F-47F9-B12E-EDD2F7E1E5D4}.Release|Any CPU.ActiveCfg = Release|Any CPU
		{57BEB75B-501F-47F9-B12E-EDD2F7E1E5D4}.Release|Any CPU.Build.0 = Release|Any CPU
		{27C21F8B-0E0A-4A1B-99EF-8A8DD118BF72}.Debug|Any CPU.ActiveCfg = Debug|Any CPU
		{27C21F8B-0E0A-4A1B-99EF-8A8DD118BF72}.Debug|Any CPU.Build.0 = Debug|Any CPU
		{27C21F8B-0E0A-4A1B-99EF-8A8DD118BF72}.Release|Any CPU.ActiveCfg = Release|Any CPU
		{27C21F8B-0E0A-4A1B-99EF-8A8DD118BF72}.Release|Any CPU.Build.0 = Release|Any CPU
		{CDBD0676-BC9C-4925-A7FC-1994A0CFD52A}.Debug|Any CPU.ActiveCfg = Debug|Any CPU
		{CDBD0676-BC9C-4925-A7FC-1994A0CFD52A}.Debug|Any CPU.Build.0 = Debug|Any CPU
		{CDBD0676-BC9C-4925-A7FC-1994A0CFD52A}.Release|Any CPU.ActiveCfg = Release|Any CPU
		{CDBD0676-BC9C-4925-A7FC-1994A0CFD52A}.Release|Any CPU.Build.0 = Release|Any CPU
	EndGlobalSection
EndGlobal
